
Microsoft Visual Studio Solution File, Format Version 12.00
# Visual Studio 15
VisualStudioVersion = 15.0.28010.2026
MinimumVisualStudioVersion = 10.0.40219.1
Project("{9A19103F-16F7-4668-BE54-9A1E7A4F7556}") = "HelloDotNet", "HelloDotNet\HelloDotNet.csproj", "{C51B3985-5FD1-4720-87A7-8E4E65341B63}"
EndProject
Project("{FAE04EC0-301F-11D3-BF4B-00C04F79EFBC}") = "HelloDotNetTest", "HelloDotNetTest\HelloDotNetTest.csproj", "{1A351236-50F1-4671-93F0-63D6F9AB30EB}"
EndProject
Global
	GlobalSection(SolutionConfigurationPlatforms) = preSolution
		Debug|Any CPU = Debug|Any CPU
		Release|Any CPU = Release|Any CPU
	EndGlobalSection
	GlobalSection(ProjectConfigurationPlatforms) = postSolution
		{C51B3985-5FD1-4720-87A7-8E4E65341B63}.Debug|Any CPU.ActiveCfg = Debug|Any CPU
		{C51B3985-5FD1-4720-87A7-8E4E65341B63}.Debug|Any CPU.Build.0 = Debug|Any CPU
		{C51B3985-5FD1-4720-87A7-8E4E65341B63}.Release|Any CPU.ActiveCfg = Release|Any CPU
		{C51B3985-5FD1-4720-87A7-8E4E65341B63}.Release|Any CPU.Build.0 = Release|Any CPU
		{1A351236-50F1-4671-93F0-63D6F9AB30EB}.Debug|Any CPU.ActiveCfg = Debug|Any CPU
		{1A351236-50F1-4671-93F0-63D6F9AB30EB}.Debug|Any CPU.Build.0 = Debug|Any CPU
		{1A351236-50F1-4671-93F0-63D6F9AB30EB}.Release|Any CPU.ActiveCfg = Release|Any CPU
		{1A351236-50F1-4671-93F0-63D6F9AB30EB}.Release|Any CPU.Build.0 = Release|Any CPU
	EndGlobalSection
	GlobalSection(SolutionProperties) = preSolution
		HideSolutionNode = FALSE
	EndGlobalSection
	GlobalSection(ExtensibilityGlobals) = postSolution
		SolutionGuid = {5890D57C-D2A2-4727-835C-B2DC88927862}
	EndGlobalSection
EndGlobal
